
Microsoft Visual Studio Solution File, Format Version 12.00
# Visual Studio Version 16
VisualStudioVersion = 16.0.29020.237
MinimumVisualStudioVersion = 10.0.40219.1
Project("{FAE04EC0-301F-11D3-BF4B-00C04F79EFBC}") = "RdlParse", "RdlParse\RdlParse.csproj", "{7928A274-3B66-4C3E-9C8D-4AD542290FD4}"
EndProject
Global
	GlobalSection(SolutionConfigurationPlatforms) = preSolution
		Debug|Any CPU = Debug|Any CPU
		Release|Any CPU = Release|Any CPU
	EndGlobalSection
	GlobalSection(ProjectConfigurationPlatforms) = postSolution
		{7928A274-3B66-4C3E-9C8D-4AD542290FD4}.Debug|Any CPU.ActiveCfg = Debug|Any CPU
		{7928A274-3B66-4C3E-9C8D-4AD542290FD4}.Debug|Any CPU.Build.0 = Debug|Any CPU
		{7928A274-3B66-4C3E-9C8D-4AD542290FD4}.Release|Any CPU.ActiveCfg = Release|Any CPU
		{7928A274-3B66-4C3E-9C8D-4AD542290FD4}.Release|Any CPU.Build.0 = Release|Any CPU
	EndGlobalSection
	GlobalSection(SolutionProperties) = preSolution
		HideSolutionNode = FALSE
	EndGlobalSection
	GlobalSection(ExtensibilityGlobals) = postSolution
		SolutionGuid = {9AFBCF65-079C-493C-9550-83015189E92E}
	EndGlobalSection
EndGlobal
