
Microsoft Visual Studio Solution File, Format Version 12.00
# Visual Studio Version 16
VisualStudioVersion = 16.0.28922.388
MinimumVisualStudioVersion = 10.0.40219.1
Project("{FAE04EC0-301F-11D3-BF4B-00C04F79EFBC}") = "BicImport", "BicImport\BicImport.csproj", "{453200AF-D6DB-4577-8A0D-D4C4380DA83B}"
EndProject
Global
	GlobalSection(SolutionConfigurationPlatforms) = preSolution
		Debug|Any CPU = Debug|Any CPU
		Release|Any CPU = Release|Any CPU
	EndGlobalSection
	GlobalSection(ProjectConfigurationPlatforms) = postSolution
		{453200AF-D6DB-4577-8A0D-D4C4380DA83B}.Debug|Any CPU.ActiveCfg = Debug|Any CPU
		{453200AF-D6DB-4577-8A0D-D4C4380DA83B}.Debug|Any CPU.Build.0 = Debug|Any CPU
		{453200AF-D6DB-4577-8A0D-D4C4380DA83B}.Release|Any CPU.ActiveCfg = Release|Any CPU
		{453200AF-D6DB-4577-8A0D-D4C4380DA83B}.Release|Any CPU.Build.0 = Release|Any CPU
	EndGlobalSection
	GlobalSection(SolutionProperties) = preSolution
		HideSolutionNode = FALSE
	EndGlobalSection
	GlobalSection(ExtensibilityGlobals) = postSolution
		SolutionGuid = {C225AFCB-E80A-4EDC-B664-E39C52F61A5C}
	EndGlobalSection
EndGlobal
